
Microsoft Visual Studio Solution File, Format Version 12.00
# Visual Studio Version 16
VisualStudioVersion = 16.0.28729.10
MinimumVisualStudioVersion = 10.0.40219.1
Project("{9A19103F-16F7-4668-BE54-9A1E7A4F7556}") = "ResumeML", "ResumeML\ResumeML.csproj", "{5764F31F-BAEE-425B-B382-0E4CB65FDE4B}"
EndProject
Project("{9A19103F-16F7-4668-BE54-9A1E7A4F7556}") = "TemplateAction", "..\TemplateAction\TemplateAction.csproj", "{CDE0898F-A324-42A1-84BA-727917432E13}"
EndProject
Project("{9A19103F-16F7-4668-BE54-9A1E7A4F7556}") = "TemplateAction.Route", "..\TemplateAction.Route\TemplateAction.Route.csproj", "{72F12CBE-D4CB-487C-B7B5-BC7CE548C4D2}"
EndProject
Project("{9A19103F-16F7-4668-BE54-9A1E7A4F7556}") = "MyAccess", "..\MyAccess\MyAccess.csproj", "{41F576D9-01D6-4DF8-B1F2-C3AE4C75CA61}"
EndProject
Project("{9A19103F-16F7-4668-BE54-9A1E7A4F7556}") = "TemplateAction.NetCore", "..\TemplateAction.NetCore\TemplateAction.NetCore.csproj", "{6ED80EB7-56DB-4191-A90E-5DB7DD75A150}"
EndProject
Project("{9A19103F-16F7-4668-BE54-9A1E7A4F7556}") = "ResumeMLML.Model", "ResumeMLML.Model\ResumeMLML.Model.csproj", "{B48C0460-2A85-4A9A-A0AB-C4DC63B98486}"
EndProject
Global
	GlobalSection(SolutionConfigurationPlatforms) = preSolution
		Debug|Any CPU = Debug|Any CPU
		Release|Any CPU = Release|Any CPU
	EndGlobalSection
	GlobalSection(ProjectConfigurationPlatforms) = postSolution
		{5764F31F-BAEE-425B-B382-0E4CB65FDE4B}.Debug|Any CPU.ActiveCfg = Debug|Any CPU
		{5764F31F-BAEE-425B-B382-0E4CB65FDE4B}.Debug|Any CPU.Build.0 = Debug|Any CPU
		{5764F31F-BAEE-425B-B382-0E4CB65FDE4B}.Release|Any CPU.ActiveCfg = Release|Any CPU
		{5764F31F-BAEE-425B-B382-0E4CB65FDE4B}.Release|Any CPU.Build.0 = Release|Any CPU
		{CDE0898F-A324-42A1-84BA-727917432E13}.Debug|Any CPU.ActiveCfg = Debug|Any CPU
		{CDE0898F-A324-42A1-84BA-727917432E13}.Debug|Any CPU.Build.0 = Debug|Any CPU
		{CDE0898F-A324-42A1-84BA-727917432E13}.Release|Any CPU.ActiveCfg = Release|Any CPU
		{CDE0898F-A324-42A1-84BA-727917432E13}.Release|Any CPU.Build.0 = Release|Any CPU
		{72F12CBE-D4CB-487C-B7B5-BC7CE548C4D2}.Debug|Any CPU.ActiveCfg = Debug|Any CPU
		{72F12CBE-D4CB-487C-B7B5-BC7CE548C4D2}.Debug|Any CPU.Build.0 = Debug|Any CPU
		{72F12CBE-D4CB-487C-B7B5-BC7CE548C4D2}.Release|Any CPU.ActiveCfg = Release|Any CPU
		{72F12CBE-D4CB-487C-B7B5-BC7CE548C4D2}.Release|Any CPU.Build.0 = Release|Any CPU
		{41F576D9-01D6-4DF8-B1F2-C3AE4C75CA61}.Debug|Any CPU.ActiveCfg = Debug|Any CPU
		{41F576D9-01D6-4DF8-B1F2-C3AE4C75CA61}.Debug|Any CPU.Build.0 = Debug|Any CPU
		{41F576D9-01D6-4DF8-B1F2-C3AE4C75CA61}.Release|Any CPU.ActiveCfg = Release|Any CPU
		{41F576D9-01D6-4DF8-B1F2-C3AE4C75CA61}.Release|Any CPU.Build.0 = Release|Any CPU
		{6ED80EB7-56DB-4191-A90E-5DB7DD75A150}.Debug|Any CPU.ActiveCfg = Debug|Any CPU
		{6ED80EB7-56DB-4191-A90E-5DB7DD75A150}.Debug|Any CPU.Build.0 = Debug|Any CPU
		{6ED80EB7-56DB-4191-A90E-5DB7DD75A150}.Release|Any CPU.ActiveCfg = Release|Any CPU
		{6ED80EB7-56DB-4191-A90E-5DB7DD75A150}.Release|Any CPU.Build.0 = Release|Any CPU
		{B48C0460-2A85-4A9A-A0AB-C4DC63B98486}.Debug|Any CPU.ActiveCfg = Debug|Any CPU
		{B48C0460-2A85-4A9A-A0AB-C4DC63B98486}.Debug|Any CPU.Build.0 = Debug|Any CPU
		{B48C0460-2A85-4A9A-A0AB-C4DC63B98486}.Release|Any CPU.ActiveCfg = Release|Any CPU
		{B48C0460-2A85-4A9A-A0AB-C4DC63B98486}.Release|Any CPU.Build.0 = Release|Any CPU
	EndGlobalSection
	GlobalSection(SolutionProperties) = preSolution
		HideSolutionNode = FALSE
	EndGlobalSection
	GlobalSection(ExtensibilityGlobals) = postSolution
		SolutionGuid = {ACB38824-A47B-47E8-BD89-98E074D4E081}
	EndGlobalSection
EndGlobal
